GEM
  remote: https://rubygems.org/
  specs:
    activemodel (8.1.3.1)
      activesupport (= 8.1.3.1)
    activesupport (8.1.3.1)
      base64
      bigdecimal
      concurrent-ruby (~> 1.0, >= 1.3.1)
      connection_pool (>= 2.2.5)
      drb
      i18n (>= 1.6, < 2)
      json
      logger (>= 1.4.2)
      minitest (>= 5.1)
      securerandom (>= 0.3)
      tzinfo (~> 2.0, >= 2.0.5)
      uri (>= 0.13.1)
    aes_key_wrap (1.1.0)
    attr_required (1.0.2)
    aws-eventstream (1.4.0)
    aws-partitions (1.1282.0)
<<<<<<< HEAD
    aws-sdk-cloudwatchlogs (1.162.0)
=======
    aws-sdk-cloudwatchlogs (1.161.0)
>>>>>>> dbd7157 (adding splunk gem plugin for fluentd)
      aws-sdk-core (~> 3, >= 3.254.0)
      aws-sigv4 (~> 1.5)
    aws-sdk-core (3.254.1)
      aws-eventstream (~> 1, >= 1.3.0)
      aws-partitions (~> 1, >= 1.992.0)
      aws-sigv4 (~> 1.9)
      base64
      bigdecimal
      jmespath (~> 1, >= 1.6.1)
      logger
    aws-sdk-kms (1.130.0)
      aws-sdk-core (~> 3, >= 3.254.0)
      aws-sigv4 (~> 1.5)
    aws-sdk-s3 (1.229.0)
      aws-sdk-core (~> 3, >= 3.254.1)
      aws-sdk-kms (~> 1)
      aws-sigv4 (~> 1.5)
    aws-sdk-sqs (1.117.0)
      aws-sdk-core (~> 3, >= 3.254.0)
      aws-sigv4 (~> 1.5)
    aws-sigv4 (1.12.1)
      aws-eventstream (~> 1, >= 1.0.2)
    base64 (0.3.0)
    bigdecimal (4.1.2)
    bindata (3.0.0)
    concurrent-ruby (1.3.8)
    connection_pool (3.0.2)
    cool.io (1.9.5)
<<<<<<< HEAD
    domain_name (0.6.20260829)
=======
    date (3.5.1)
    domain_name (0.6.20240107)
    drb (2.2.3)
    faraday (2.14.3)
      faraday-net_http (>= 2.0, < 3.5)
      json
      logger
    faraday-follow_redirects (0.5.0)
      faraday (>= 1, < 3)
    faraday-net_http (3.4.4)
      net-http (~> 0.5)
>>>>>>> dbd7157 (adding splunk gem plugin for fluentd)
    fluent-config-regexp-type (1.0.0)
      fluentd (> 1.0.0, < 2)
    fluent-plugin-cloudwatch-logs (0.15.0)
      aws-sdk-cloudwatchlogs (~> 1.0)
      fluentd (>= 1.8.0)
    fluent-plugin-rewrite-tag-filter (2.4.0)
      fluent-config-regexp-type
      fluentd (>= 0.14.2, < 2)
    fluent-plugin-s3 (1.8.5)
      aws-sdk-s3 (~> 1.60)
      aws-sdk-sqs (~> 1.23)
      fluentd (>= 0.14.22, < 2)
    fluent-plugin-slack (0.6.7)
      fluentd (>= 0.10.8)
    fluent-plugin-splunk-hec (1.3.3)
      fluentd (>= 1.5)
      json-jwt (~> 1.15.0)
      multi_json (~> 1.13)
      net-http-persistent (~> 4.0)
      openid_connect (~> 1.1.8)
      prometheus-client (>= 2.1.0)
      rack-oauth2 (~> 1.19)
    fluent-plugin-teams (1.1.0)
      fluentd (>= 0.14.15, < 2)
      rest-client
    fluentd (1.16.1)
      bundler
      cool.io (>= 1.4.5, < 2.0.0)
      http_parser.rb (>= 0.5.1, < 0.9.0)
      msgpack (>= 1.3.1, < 2.0.0)
      serverengine (>= 2.3.2, < 3.0.0)
      sigdump (~> 0.2.2)
      strptime (>= 0.2.4, < 1.0.0)
      tzinfo (>= 1.0, < 3.0)
      tzinfo-data (~> 1.0)
      webrick (~> 1.4)
      yajl-ruby (~> 1.0)
    http-accept (1.7.0)
    http-cookie (1.1.6)
      domain_name (~> 0.5)
    http_parser.rb (0.8.1)
    httpclient (2.9.0)
      mutex_m
    i18n (1.15.2)
      concurrent-ruby (~> 1.0)
    jmespath (1.6.2)
    json (2.21.2)
    json-jwt (1.15.3.1)
      activesupport (>= 4.2)
      aes_key_wrap
      bindata
      httpclient
    logger (1.7.0)
    mail (2.9.1)
      logger
      mini_mime (>= 0.1.1)
      net-imap
      net-pop
      net-smtp
    mime-types (3.7.0)
      logger
      mime-types-data (~> 3.2025, >= 3.2025.0507)
    mime-types-data (3.2026.0701)
    mini_mime (1.1.5)
    minitest (6.0.6)
      drb (~> 2.0)
      prism (~> 1.5)
    msgpack (1.8.4)
    multi_json (1.21.1)
    mutex_m (0.3.0)
    net-http (0.9.1)
      uri (>= 0.11.1)
    net-http-persistent (4.0.8)
      connection_pool (>= 2.2.4, < 4)
    net-imap (0.6.6)
      date
      net-protocol
    net-pop (0.1.2)
      net-protocol
    net-protocol (0.3.0)
      timeout
    net-smtp (0.5.1)
      net-protocol
    netrc (0.11.0)
    nokogiri (1.18.9-aarch64-linux-gnu)
      racc (~> 1.4)
    nokogiri (1.18.9-aarch64-linux-musl)
      racc (~> 1.4)
    nokogiri (1.18.9-arm-linux-gnu)
      racc (~> 1.4)
    nokogiri (1.18.9-arm-linux-musl)
      racc (~> 1.4)
    nokogiri (1.18.9-arm64-darwin)
      racc (~> 1.4)
    nokogiri (1.18.9-x86_64-darwin)
      racc (~> 1.4)
    nokogiri (1.18.9-x86_64-linux-gnu)
      racc (~> 1.4)
    nokogiri (1.18.9-x86_64-linux-musl)
      racc (~> 1.4)
    oj (3.16.17)
      bigdecimal (>= 3.0)
      ostruct (>= 0.2)
    openid_connect (1.1.8)
      activemodel
      attr_required (>= 1.0.0)
      json-jwt (>= 1.5.0)
      rack-oauth2 (>= 1.6.1)
      swd (>= 1.0.0)
      tzinfo
      validate_email
      validate_url
      webfinger (>= 1.0.1)
    ostruct (0.6.3)
    prism (1.9.0)
    prometheus-client (4.2.5)
      base64
    public_suffix (7.0.5)
    racc (1.8.1)
    rack (3.2.7)
    rack-oauth2 (1.21.3)
      activesupport
      attr_required
      httpclient
      json-jwt (>= 1.11.0)
      rack (>= 2.1.0)
    rest-client (2.1.0)
      http-accept (>= 1.7.0, < 2.0)
      http-cookie (>= 1.0.2, < 2.0)
      mime-types (>= 1.16, < 4.0)
      netrc (~> 0.8)
    securerandom (0.4.1)
    serverengine (2.4.0)
      base64 (~> 0.1)
      logger (~> 1.4)
      sigdump (~> 0.2.2)
    sigdump (0.2.5)
    strptime (0.2.5)
    swd (2.0.3)
      activesupport (>= 3)
      attr_required (>= 0.0.5)
      faraday (~> 2.0)
      faraday-follow_redirects
    timeout (0.6.1)
    tzinfo (2.0.6)
      concurrent-ruby (~> 1.0)
    tzinfo-data (1.2026.3)
      tzinfo (>= 1.0.0)
    uri (1.1.1)
    validate_email (0.1.6)
      activemodel (>= 3.0)
      mail (>= 2.2.5)
    validate_url (1.0.15)
      activemodel (>= 3.0.0)
      public_suffix
    webfinger (2.1.3)
      activesupport
      faraday (~> 2.0)
      faraday-follow_redirects
    webrick (1.9.2)
    yajl-ruby (1.4.3)

PLATFORMS
  aarch64-linux-gnu
  aarch64-linux-musl
  arm-linux-gnu
  arm-linux-musl
  arm64-darwin
  x86_64-darwin
  x86_64-linux-gnu
  x86_64-linux-musl

DEPENDENCIES
  fluent-plugin-cloudwatch-logs (~> 0.15.0)
  fluent-plugin-rewrite-tag-filter (~> 2.4.0)
  fluent-plugin-s3 (~> 1.8.3)
  fluent-plugin-slack (~> 0.6.7)
  fluent-plugin-splunk-hec (~> 1.3)
  fluent-plugin-teams (~> 1.1.0)
  fluentd (= 1.16.1)
  nokogiri (= 1.18.9)
  oj (~> 3.16.0)

RUBY VERSION
  ruby 3.3.0p0

BUNDLED WITH
<<<<<<< HEAD
<<<<<<< HEAD
  4.0.19
=======
   2.5.22
>>>>>>> dbd7157 (adding splunk gem plugin for fluentd)
=======
  4.0.18
>>>>>>> 3d7e822 (fixing lock file)
